// !$*UTF8*$!
{
	archiveVersion = 1;
	classes = {
	};
	objectVersion = 51;
	objects = {

/* Begin PBXBuildFile section */
		11142C668E3884233EF55AD1 /* Pods_GiphyMVP.framework in Frameworks */ = {isa = PBXBuildFile; fileRef = DE0E37F3FC98346B79D46FEB /* Pods_GiphyMVP.framework */; };
		822BEA7623725CEB009598F1 /* AppDelegate.swift in Sources */ = {isa = PBXBuildFile; fileRef = 822BEA7523725CEB009598F1 /* AppDelegate.swift */; };
		822BEA7A23725CEB009598F1 /* GifsListViewController.swift in Sources */ = {isa = PBXBuildFile; fileRef = 822BEA7923725CEB009598F1 /* GifsListViewController.swift */; };
		822BEA7F23725CEB009598F1 /* Assets.xcassets in Resources */ = {isa = PBXBuildFile; fileRef = 822BEA7E23725CEB009598F1 /* Assets.xcassets */; };
		822BEA8223725CEB009598F1 /* LaunchScreen.storyboard in Resources */ = {isa = PBXBuildFile; fileRef = 822BEA8023725CEB009598F1 /* LaunchScreen.storyboard */; };
		822BEA8D23725CEB009598F1 /* GiphyMVPTests.swift in Sources */ = {isa = PBXBuildFile; fileRef = 822BEA8C23725CEB009598F1 /* GiphyMVPTests.swift */; };
		822BEA9823725CEB009598F1 /* GiphyMVPUITests.swift in Sources */ = {isa = PBXBuildFile; fileRef = 822BEA9723725CEB009598F1 /* GiphyMVPUITests.swift */; };
		822BEAAF2372AA50009598F1 /* GifsListView.swift in Sources */ = {isa = PBXBuildFile; fileRef = 822BEAAE2372AA50009598F1 /* GifsListView.swift */; };
		822BEAB12372AAA4009598F1 /* GifsListViewPresenter.swift in Sources */ = {isa = PBXBuildFile; fileRef = 822BEAB02372AAA4009598F1 /* GifsListViewPresenter.swift */; };
		822BEAB32372AAF4009598F1 /* GifsListPresenter.swift in Sources */ = {isa = PBXBuildFile; fileRef = 822BEAB22372AAF4009598F1 /* GifsListPresenter.swift */; };
		822BEAB52372AFED009598F1 /* GiphyService.swift in Sources */ = {isa = PBXBuildFile; fileRef = 822BEAB42372AFED009598F1 /* GiphyService.swift */; };
		822BEAB72372B001009598F1 /* Gif.swift in Sources */ = {isa = PBXBuildFile; fileRef = 822BEAB62372B001009598F1 /* Gif.swift */; };
		822BEABA2372B08E009598F1 /* GiphyResponse.swift in Sources */ = {isa = PBXBuildFile; fileRef = 822BEAB92372B08E009598F1 /* GiphyResponse.swift */; };
		822BEABC2372B1A7009598F1 /* GiphyGif.swift in Sources */ = {isa = PBXBuildFile; fileRef = 822BEABB2372B1A7009598F1 /* GiphyGif.swift */; };
		822BEABE2372B242009598F1 /* GiphyPagination.swift in Sources */ = {isa = PBXBuildFile; fileRef = 822BEABD2372B242009598F1 /* GiphyPagination.swift */; };
		822BEAC02372B262009598F1 /* GiphyMeta.swift in Sources */ = {isa = PBXBuildFile; fileRef = 822BEABF2372B262009598F1 /* GiphyMeta.swift */; };
		822BEAC22372D4BF009598F1 /* GifsListViewController.storyboard in Resources */ = {isa = PBXBuildFile; fileRef = 822BEAC12372D4BF009598F1 /* GifsListViewController.storyboard */; };
		822BEAC42372E2F8009598F1 /* GifView.swift in Sources */ = {isa = PBXBuildFile; fileRef = 822BEAC32372E2F8009598F1 /* GifView.swift */; };
		822BEAC62372E737009598F1 /* GifViewCell.swift in Sources */ = {isa = PBXBuildFile; fileRef = 822BEAC52372E737009598F1 /* GifViewCell.swift */; };
		824A7DEC237A3D6E00464397 /* GifDetailPresenter.swift in Sources */ = {isa = PBXBuildFile; fileRef = 824A7DEB237A3D6E00464397 /* GifDetailPresenter.swift */; };
		824A7DEE237A3D7A00464397 /* GifDetailViewPresenter.swift in Sources */ = {isa = PBXBuildFile; fileRef = 824A7DED237A3D7900464397 /* GifDetailViewPresenter.swift */; };
		824A7DF2237A3DFF00464397 /* GifDetailView.swift in Sources */ = {isa = PBXBuildFile; fileRef = 824A7DF1237A3DFF00464397 /* GifDetailView.swift */; };
		824A7DF4237A3E3600464397 /* GifDetailViewController.swift in Sources */ = {isa = PBXBuildFile; fileRef = 824A7DF3237A3E3500464397 /* GifDetailViewController.swift */; };
		824A7DF6237A3E4400464397 /* GifDetailViewController.storyboard in Resources */ = {isa = PBXBuildFile; fileRef = 824A7DF5237A3E4400464397 /* GifDetailViewController.storyboard */; };
		827A81552373B74300BCA47F /* Strings.swift in Sources */ = {isa = PBXBuildFile; fileRef = 827A81542373B74300BCA47F /* Strings.swift */; };
		827A815D2373E6E300BCA47F /* FooterRefreshControl.swift in Sources */ = {isa = PBXBuildFile; fileRef = 827A815B2373E6E300BCA47F /* FooterRefreshControl.swift */; };
		827A815E2373E6E300BCA47F /* FooterRefreshControl.xib in Resources */ = {isa = PBXBuildFile; fileRef = 827A815C2373E6E300BCA47F /* FooterRefreshControl.xib */; };
		827A81622373FCD400BCA47F /* GifViewPresenter.swift in Sources */ = {isa = PBXBuildFile; fileRef = 827A81612373FCD400BCA47F /* GifViewPresenter.swift */; };
		827A81642373FCDF00BCA47F /* GifPresenter.swift in Sources */ = {isa = PBXBuildFile; fileRef = 827A81632373FCDF00BCA47F /* GifPresenter.swift */; };
		827A81662373FD7800BCA47F /* GifViewProtocol.swift in Sources */ = {isa = PBXBuildFile; fileRef = 827A81652373FD7800BCA47F /* GifViewProtocol.swift */; };
		827A816B237420FA00BCA47F /* DataLayer.swift in Sources */ = {isa = PBXBuildFile; fileRef = 827A816A237420FA00BCA47F /* DataLayer.swift */; };
		827A816D237424FF00BCA47F /* TranslationLayer.swift in Sources */ = {isa = PBXBuildFile; fileRef = 827A816C237424FF00BCA47F /* TranslationLayer.swift */; };
		827A81762374FBA500BCA47F /* Localizable.strings in Resources */ = {isa = PBXBuildFile; fileRef = 827A81782374FBA500BCA47F /* Localizable.strings */; };
		827A817B2378F4E100BCA47F /* ModelLayer.swift in Sources */ = {isa = PBXBuildFile; fileRef = 827A817A2378F4E100BCA47F /* ModelLayer.swift */; };
		82C80C5F2380FC2E002C3E71 /* GifListConfigurator.swift in Sources */ = {isa = PBXBuildFile; fileRef = 82C80C5E2380FC2E002C3E71 /* GifListConfigurator.swift */; };
/* End PBXBuildFile section */

/* Begin PBXContainerItemProxy section */
		822BEA8923725CEB009598F1 /* PBXContainerItemProxy */ = {
			isa = PBXContainerItemProxy;
			containerPortal = 822BEA6A23725CEB009598F1 /* Project object */;
			proxyType = 1;
			remoteGlobalIDString = 822BEA7123725CEB009598F1;
			remoteInfo = GiphyMVP;
		};
		822BEA9423725CEB009598F1 /* PBXContainerItemProxy */ = {
			isa = PBXContainerItemProxy;
			containerPortal = 822BEA6A23725CEB009598F1 /* Project object */;
			proxyType = 1;
			remoteGlobalIDString = 822BEA7123725CEB009598F1;
			remoteInfo = GiphyMVP;
		};
/* End PBXContainerItemProxy section */

/* Begin PBXFileReference section */
		7EFDF60A1B1AEA649199E9CA /* Pods-GiphyMVP.release.xcconfig */ = {isa = PBXFileReference; includeInIndex = 1; lastKnownFileType = text.xcconfig; name = "Pods-GiphyMVP.release.xcconfig"; path = "Target Support Files/Pods-GiphyMVP/Pods-GiphyMVP.release.xcconfig"; sourceTree = "<group>"; };
		822BEA7223725CEB009598F1 /* GiphyMVP.app */ = {isa = PBXFileReference; explicitFileType = wrapper.application; includeInIndex = 0; path = GiphyMVP.app; sourceTree = BUILT_PRODUCTS_DIR; };
		822BEA7523725CEB009598F1 /* AppDelegate.swift */ = {isa = PBXFileReference; lastKnownFileType = sourcecode.swift; path = AppDelegate.swift; sourceTree = "<group>"; };
		822BEA7923725CEB009598F1 /* GifsListViewController.swift */ = {isa = PBXFileReference; lastKnownFileType = sourcecode.swift; path = GifsListViewController.swift; sourceTree = "<group>"; };
		822BEA7E23725CEB009598F1 /* Assets.xcassets */ = {isa = PBXFileReference; lastKnownFileType = folder.assetcatalog; path = Assets.xcassets; sourceTree = "<group>"; };
		822BEA8123725CEB009598F1 /* Base */ = {isa = PBXFileReference; lastKnownFileType = file.storyboard; name = Base; path = Base.lproj/LaunchScreen.storyboard; sourceTree = "<group>"; };
		822BEA8323725CEB009598F1 /* Info.plist */ = {isa = PBXFileReference; lastKnownFileType = text.plist.xml; path = Info.plist; sourceTree = "<group>"; };
		822BEA8823725CEB009598F1 /* GiphyMVPTests.xctest */ = {isa = PBXFileReference; explicitFileType = wrapper.cfbundle; includeInIndex = 0; path = GiphyMVPTests.xctest; sourceTree = BUILT_PRODUCTS_DIR; };
		822BEA8C23725CEB009598F1 /* GiphyMVPTests.swift */ = {isa = PBXFileReference; lastKnownFileType = sourcecode.swift; path = GiphyMVPTests.swift; sourceTree = "<group>"; };
		822BEA8E23725CEB009598F1 /* Info.plist */ = {isa = PBXFileReference; lastKnownFileType = text.plist.xml; path = Info.plist; sourceTree = "<group>"; };
		822BEA9323725CEB009598F1 /* GiphyMVPUITests.xctest */ = {isa = PBXFileReference; explicitFileType = wrapper.cfbundle; includeInIndex = 0; path = GiphyMVPUITests.xctest; sourceTree = BUILT_PRODUCTS_DIR; };
		822BEA9723725CEB009598F1 /* GiphyMVPUITests.swift */ = {isa = PBXFileReference; lastKnownFileType = sourcecode.swift; path = GiphyMVPUITests.swift; sourceTree = "<group>"; };
		822BEA9923725CEB009598F1 /* Info.plist */ = {isa = PBXFileReference; lastKnownFileType = text.plist.xml; path = Info.plist; sourceTree = "<group>"; };
		822BEAAE2372AA50009598F1 /* GifsListView.swift */ = {isa = PBXFileReference; lastKnownFileType = sourcecode.swift; path = GifsListView.swift; sourceTree = "<group>"; };
		822BEAB02372AAA4009598F1 /* GifsListViewPresenter.swift */ = {isa = PBXFileReference; lastKnownFileType = sourcecode.swift; path = GifsListViewPresenter.swift; sourceTree = "<group>"; };
		822BEAB22372AAF4009598F1 /* GifsListPresenter.swift */ = {isa = PBXFileReference; lastKnownFileType = sourcecode.swift; path = GifsListPresenter.swift; sourceTree = "<group>"; };
		822BEAB42372AFED009598F1 /* GiphyService.swift */ = {isa = PBXFileReference; lastKnownFileType = sourcecode.swift; path = GiphyService.swift; sourceTree = "<group>"; };
		822BEAB62372B001009598F1 /* Gif.swift */ = {isa = PBXFileReference; lastKnownFileType = sourcecode.swift; path = Gif.swift; sourceTree = "<group>"; };
		822BEAB92372B08E009598F1 /* GiphyResponse.swift */ = {isa = PBXFileReference; lastKnownFileType = sourcecode.swift; path = GiphyResponse.swift; sourceTree = "<group>"; };
		822BEABB2372B1A7009598F1 /* GiphyGif.swift */ = {isa = PBXFileReference; lastKnownFileType = sourcecode.swift; path = GiphyGif.swift; sourceTree = "<group>"; };
		822BEABD2372B242009598F1 /* GiphyPagination.swift */ = {isa = PBXFileReference; lastKnownFileType = sourcecode.swift; path = GiphyPagination.swift; sourceTree = "<group>"; };
		822BEABF2372B262009598F1 /* GiphyMeta.swift */ = {isa = PBXFileReference; lastKnownFileType = sourcecode.swift; path = GiphyMeta.swift; sourceTree = "<group>"; };
		822BEAC12372D4BF009598F1 /* GifsListViewController.storyboard */ = {isa = PBXFileReference; lastKnownFileType = file.storyboard; path = GifsListViewController.storyboard; sourceTree = "<group>"; };
		822BEAC32372E2F8009598F1 /* GifView.swift */ = {isa = PBXFileReference; lastKnownFileType = sourcecode.swift; path = GifView.swift; sourceTree = "<group>"; };
		822BEAC52372E737009598F1 /* GifViewCell.swift */ = {isa = PBXFileReference; lastKnownFileType = sourcecode.swift; path = GifViewCell.swift; sourceTree = "<group>"; };
		824A7DEB237A3D6E00464397 /* GifDetailPresenter.swift */ = {isa = PBXFileReference; lastKnownFileType = sourcecode.swift; path = GifDetailPresenter.swift; sourceTree = "<group>"; };
		824A7DED237A3D7900464397 /* GifDetailViewPresenter.swift */ = {isa = PBXFileReference; lastKnownFileType = sourcecode.swift; path = GifDetailViewPresenter.swift; sourceTree = "<group>"; };
		824A7DF1237A3DFF00464397 /* GifDetailView.swift */ = {isa = PBXFileReference; lastKnownFileType = sourcecode.swift; path = GifDetailView.swift; sourceTree = "<group>"; };
		824A7DF3237A3E3500464397 /* GifDetailViewController.swift */ = {isa = PBXFileReference; lastKnownFileType = sourcecode.swift; path = GifDetailViewController.swift; sourceTree = "<group>"; };
		824A7DF5237A3E4400464397 /* GifDetailViewController.storyboard */ = {isa = PBXFileReference; lastKnownFileType = file.storyboard; path = GifDetailViewController.storyboard; sourceTree = "<group>"; };
		827A81542373B74300BCA47F /* Strings.swift */ = {isa = PBXFileReference; fileEncoding = 4; lastKnownFileType = sourcecode.swift; path = Strings.swift; sourceTree = "<group>"; };
		827A815B2373E6E300BCA47F /* FooterRefreshControl.swift */ = {isa = PBXFileReference; lastKnownFileType = sourcecode.swift; path = FooterRefreshControl.swift; sourceTree = "<group>"; };
		827A815C2373E6E300BCA47F /* FooterRefreshControl.xib */ = {isa = PBXFileReference; lastKnownFileType = file.xib; path = FooterRefreshControl.xib; sourceTree = "<group>"; };
		827A81612373FCD400BCA47F /* GifViewPresenter.swift */ = {isa = PBXFileReference; lastKnownFileType = sourcecode.swift; path = GifViewPresenter.swift; sourceTree = "<group>"; };
		827A81632373FCDF00BCA47F /* GifPresenter.swift */ = {isa = PBXFileReference; lastKnownFileType = sourcecode.swift; path = GifPresenter.swift; sourceTree = "<group>"; };
		827A81652373FD7800BCA47F /* GifViewProtocol.swift */ = {isa = PBXFileReference; lastKnownFileType = sourcecode.swift; path = GifViewProtocol.swift; sourceTree = "<group>"; };
		827A816A237420FA00BCA47F /* DataLayer.swift */ = {isa = PBXFileReference; lastKnownFileType = sourcecode.swift; path = DataLayer.swift; sourceTree = "<group>"; };
		827A816C237424FF00BCA47F /* TranslationLayer.swift */ = {isa = PBXFileReference; lastKnownFileType = sourcecode.swift; path = TranslationLayer.swift; sourceTree = "<group>"; };
		827A81772374FBA500BCA47F /* en */ = {isa = PBXFileReference; lastKnownFileType = text.plist.strings; name = en; path = en.lproj/Localizable.strings; sourceTree = "<group>"; };
		827A81792374FBD600BCA47F /* ru */ = {isa = PBXFileReference; lastKnownFileType = text.plist.strings; name = ru; path = ru.lproj/Localizable.strings; sourceTree = "<group>"; };
		827A817A2378F4E100BCA47F /* ModelLayer.swift */ = {isa = PBXFileReference; lastKnownFileType = sourcecode.swift; path = ModelLayer.swift; sourceTree = "<group>"; };
		82C80C5E2380FC2E002C3E71 /* GifListConfigurator.swift */ = {isa = PBXFileReference; lastKnownFileType = sourcecode.swift; path = GifListConfigurator.swift; sourceTree = "<group>"; };
		A1BA20CA68E5A0D75514C1E2 /* Pods-GiphyMVP.debug.xcconfig */ = {isa = PBXFileReference; includeInIndex = 1; lastKnownFileType = text.xcconfig; name = "Pods-GiphyMVP.debug.xcconfig"; path = "Target Support Files/Pods-GiphyMVP/Pods-GiphyMVP.debug.xcconfig"; sourceTree = "<group>"; };
		DE0E37F3FC98346B79D46FEB /* Pods_GiphyMVP.framework */ = {isa = PBXFileReference; explicitFileType = wrapper.framework; includeInIndex = 0; path = Pods_GiphyMVP.framework; sourceTree = BUILT_PRODUCTS_DIR; };
/* End PBXFileReference section */

/* Begin PBXFrameworksBuildPhase section */
		822BEA6F23725CEB009598F1 /* Frameworks */ = {
			isa = PBXFrameworksBuildPhase;
			buildActionMask = 2147483647;
			files = (
				11142C668E3884233EF55AD1 /* Pods_GiphyMVP.framework in Frameworks */,
			);
			runOnlyForDeploymentPostprocessing = 0;
		};
		822BEA8523725CEB009598F1 /* Frameworks */ = {
			isa = PBXFrameworksBuildPhase;
			buildActionMask = 2147483647;
			files = (
			);
			runOnlyForDeploymentPostprocessing = 0;
		};
		822BEA9023725CEB009598F1 /* Frameworks */ = {
			isa = PBXFrameworksBuildPhase;
			buildActionMask = 2147483647;
			files = (
			);
			runOnlyForDeploymentPostprocessing = 0;
		};
/* End PBXFrameworksBuildPhase section */

/* Begin PBXGroup section */
		822BEA6923725CEB009598F1 = {
			isa = PBXGroup;
			children = (
				822BEA7423725CEB009598F1 /* GiphyMVP */,
				822BEA8B23725CEB009598F1 /* GiphyMVPTests */,
				822BEA9623725CEB009598F1 /* GiphyMVPUITests */,
				822BEA7323725CEB009598F1 /* Products */,
				ECB91D9E9C87D91601F6A311 /* Pods */,
				D654C45597B929A144F2E0A0 /* Frameworks */,
			);
			sourceTree = "<group>";
		};
		822BEA7323725CEB009598F1 /* Products */ = {
			isa = PBXGroup;
			children = (
				822BEA7223725CEB009598F1 /* GiphyMVP.app */,
				822BEA8823725CEB009598F1 /* GiphyMVPTests.xctest */,
				822BEA9323725CEB009598F1 /* GiphyMVPUITests.xctest */,
			);
			name = Products;
			sourceTree = "<group>";
		};
		822BEA7423725CEB009598F1 /* GiphyMVP */ = {
			isa = PBXGroup;
			children = (
				822BEAA523726053009598F1 /* Application */,
				827A81752374391700BCA47F /* Layers */,
				822BEAA62372620E009598F1 /* Models */,
				827A816E2374381900BCA47F /* Modules */,
				822BEAA92372634E009598F1 /* Resources */,
				822BEAAA237263C2009598F1 /* Services */,
				822BEA8323725CEB009598F1 /* Info.plist */,
			);
			path = GiphyMVP;
			sourceTree = "<group>";
		};
		822BEA8B23725CEB009598F1 /* GiphyMVPTests */ = {
			isa = PBXGroup;
			children = (
				822BEAAB237263E4009598F1 /* Tests */,
				822BEA8E23725CEB009598F1 /* Info.plist */,
			);
			path = GiphyMVPTests;
			sourceTree = "<group>";
		};
		822BEA9623725CEB009598F1 /* GiphyMVPUITests */ = {
			isa = PBXGroup;
			children = (
				822BEAAC23726409009598F1 /* Tests */,
				822BEA9923725CEB009598F1 /* Info.plist */,
			);
			path = GiphyMVPUITests;
			sourceTree = "<group>";
		};
		822BEAA523726053009598F1 /* Application */ = {
			isa = PBXGroup;
			children = (
				822BEA7523725CEB009598F1 /* AppDelegate.swift */,
				822BEA8023725CEB009598F1 /* LaunchScreen.storyboard */,
			);
			path = Application;
			sourceTree = "<group>";
		};
		822BEAA62372620E009598F1 /* Models */ = {
			isa = PBXGroup;
			children = (
				822BEAB62372B001009598F1 /* Gif.swift */,
			);
			path = Models;
			sourceTree = "<group>";
		};
		822BEAA92372634E009598F1 /* Resources */ = {
			isa = PBXGroup;
			children = (
				827A81542373B74300BCA47F /* Strings.swift */,
				822BEA7E23725CEB009598F1 /* Assets.xcassets */,
				827A81782374FBA500BCA47F /* Localizable.strings */,
			);
			path = Resources;
			sourceTree = "<group>";
		};
		822BEAAA237263C2009598F1 /* Services */ = {
			isa = PBXGroup;
			children = (
				822BEAB82372B051009598F1 /* GiphyService */,
			);
			path = Services;
			sourceTree = "<group>";
		};
		822BEAAB237263E4009598F1 /* Tests */ = {
			isa = PBXGroup;
			children = (
				822BEA8C23725CEB009598F1 /* GiphyMVPTests.swift */,
			);
			path = Tests;
			sourceTree = "<group>";
		};
		822BEAAC23726409009598F1 /* Tests */ = {
			isa = PBXGroup;
			children = (
				822BEA9723725CEB009598F1 /* GiphyMVPUITests.swift */,
			);
			path = Tests;
			sourceTree = "<group>";
		};
		822BEAB82372B051009598F1 /* GiphyService */ = {
			isa = PBXGroup;
			children = (
				822BEABB2372B1A7009598F1 /* GiphyGif.swift */,
				822BEABF2372B262009598F1 /* GiphyMeta.swift */,
				822BEABD2372B242009598F1 /* GiphyPagination.swift */,
				822BEAB92372B08E009598F1 /* GiphyResponse.swift */,
				822BEAB42372AFED009598F1 /* GiphyService.swift */,
			);
			path = GiphyService;
			sourceTree = "<group>";
		};
		824A7DEA237A3D0100464397 /* GifDetail */ = {
			isa = PBXGroup;
			children = (
				824A7DF0237A3D8B00464397 /* View */,
				824A7DEF237A3D8400464397 /* Presenter */,
			);
			path = GifDetail;
			sourceTree = "<group>";
		};
		824A7DEF237A3D8400464397 /* Presenter */ = {
			isa = PBXGroup;
			children = (
				824A7DEB237A3D6E00464397 /* GifDetailPresenter.swift */,
				824A7DED237A3D7900464397 /* GifDetailViewPresenter.swift */,
			);
			path = Presenter;
			sourceTree = "<group>";
		};
		824A7DF0237A3D8B00464397 /* View */ = {
			isa = PBXGroup;
			children = (
				824A7DF1237A3DFF00464397 /* GifDetailView.swift */,
				824A7DF3237A3E3500464397 /* GifDetailViewController.swift */,
				824A7DF5237A3E4400464397 /* GifDetailViewController.storyboard */,
			);
			path = View;
			sourceTree = "<group>";
		};
		827A816E2374381900BCA47F /* Modules */ = {
			isa = PBXGroup;
			children = (
				824A7DEA237A3D0100464397 /* GifDetail */,
				827A81722374388000BCA47F /* GifView */,
				827A816F2374382600BCA47F /* GifsList */,
			);
			path = Modules;
			sourceTree = "<group>";
		};
		827A816F2374382600BCA47F /* GifsList */ = {
			isa = PBXGroup;
			children = (
				82C80C5E2380FC2E002C3E71 /* GifListConfigurator.swift */,
				827A81712374384B00BCA47F /* View */,
				827A81702374384200BCA47F /* Presenter */,
			);
			path = GifsList;
			sourceTree = "<group>";
		};
		827A81702374384200BCA47F /* Presenter */ = {
			isa = PBXGroup;
			children = (
				822BEAB22372AAF4009598F1 /* GifsListPresenter.swift */,
				822BEAB02372AAA4009598F1 /* GifsListViewPresenter.swift */,
			);
			path = Presenter;
			sourceTree = "<group>";
		};
		827A81712374384B00BCA47F /* View */ = {
			isa = PBXGroup;
			children = (
				827A815B2373E6E300BCA47F /* FooterRefreshControl.swift */,
				827A815C2373E6E300BCA47F /* FooterRefreshControl.xib */,
				822BEAC52372E737009598F1 /* GifViewCell.swift */,
				822BEAAE2372AA50009598F1 /* GifsListView.swift */,
				822BEA7923725CEB009598F1 /* GifsListViewController.swift */,
				822BEAC12372D4BF009598F1 /* GifsListViewController.storyboard */,
			);
			path = View;
			sourceTree = "<group>";
		};
		827A81722374388000BCA47F /* GifView */ = {
			isa = PBXGroup;
			children = (
				827A8174237438DC00BCA47F /* Presenter */,
				827A8173237438D700BCA47F /* View */,
			);
			path = GifView;
			sourceTree = "<group>";
		};
		827A8173237438D700BCA47F /* View */ = {
			isa = PBXGroup;
			children = (
				822BEAC32372E2F8009598F1 /* GifView.swift */,
				827A81652373FD7800BCA47F /* GifViewProtocol.swift */,
			);
			path = View;
			sourceTree = "<group>";
		};
		827A8174237438DC00BCA47F /* Presenter */ = {
			isa = PBXGroup;
			children = (
				827A81612373FCD400BCA47F /* GifViewPresenter.swift */,
				827A81632373FCDF00BCA47F /* GifPresenter.swift */,
			);
			path = Presenter;
			sourceTree = "<group>";
		};
		827A81752374391700BCA47F /* Layers */ = {
			isa = PBXGroup;
			children = (
				827A816A237420FA00BCA47F /* DataLayer.swift */,
				827A816C237424FF00BCA47F /* TranslationLayer.swift */,
				827A817A2378F4E100BCA47F /* ModelLayer.swift */,
			);
			path = Layers;
			sourceTree = "<group>";
		};
		D654C45597B929A144F2E0A0 /* Frameworks */ = {
			isa = PBXGroup;
			children = (
				DE0E37F3FC98346B79D46FEB /* Pods_GiphyMVP.framework */,
			);
			name = Frameworks;
			sourceTree = "<group>";
		};
		ECB91D9E9C87D91601F6A311 /* Pods */ = {
			isa = PBXGroup;
			children = (
				A1BA20CA68E5A0D75514C1E2 /* Pods-GiphyMVP.debug.xcconfig */,
				7EFDF60A1B1AEA649199E9CA /* Pods-GiphyMVP.release.xcconfig */,
			);
			path = Pods;
			sourceTree = "<group>";
		};
/* End PBXGroup section */

/* Begin PBXNativeTarget section */
		822BEA7123725CEB009598F1 /* GiphyMVP */ = {
			isa = PBXNativeTarget;
			buildConfigurationList = 822BEA9C23725CEB009598F1 /* Build configuration list for PBXNativeTarget "GiphyMVP" */;
			buildPhases = (
				5C3E62D78CC31741978F134D /* [CP] Check Pods Manifest.lock */,
				822BEA6E23725CEB009598F1 /* Sources */,
				822BEA6F23725CEB009598F1 /* Frameworks */,
				822BEA7023725CEB009598F1 /* Resources */,
				1E484795ED67FF93EB6F71FD /* [CP] Embed Pods Frameworks */,
				822BEAAD23728D2D009598F1 /* Swift Lint */,
				827A81532373B6DA00BCA47F /* Swift Gen */,
			);
			buildRules = (
			);
			dependencies = (
			);
			name = GiphyMVP;
			productName = GiphyMVP;
			productReference = 822BEA7223725CEB009598F1 /* GiphyMVP.app */;
			productType = "com.apple.product-type.application";
		};
		822BEA8723725CEB009598F1 /* GiphyMVPTests */ = {
			isa = PBXNativeTarget;
			buildConfigurationList = 822BEA9F23725CEB009598F1 /* Build configuration list for PBXNativeTarget "GiphyMVPTests" */;
			buildPhases = (
				822BEA8423725CEB009598F1 /* Sources */,
				822BEA8523725CEB009598F1 /* Frameworks */,
				822BEA8623725CEB009598F1 /* Resources */,
			);
			buildRules = (
			);
			dependencies = (
				822BEA8A23725CEB009598F1 /* PBXTargetDependency */,
			);
			name = GiphyMVPTests;
			productName = GiphyMVPTests;
			productReference = 822BEA8823725CEB009598F1 /* GiphyMVPTests.xctest */;
			productType = "com.apple.product-type.bundle.unit-test";
		};
		822BEA9223725CEB009598F1 /* GiphyMVPUITests */ = {
			isa = PBXNativeTarget;
			buildConfigurationList = 822BEAA223725CEB009598F1 /* Build configuration list for PBXNativeTarget "GiphyMVPUITests" */;
			buildPhases = (
				822BEA8F23725CEB009598F1 /* Sources */,
				822BEA9023725CEB009598F1 /* Frameworks */,
				822BEA9123725CEB009598F1 /* Resources */,
			);
			buildRules = (
			);
			dependencies = (
				822BEA9523725CEB009598F1 /* PBXTargetDependency */,
			);
			name = GiphyMVPUITests;
			productName = GiphyMVPUITests;
			productReference = 822BEA9323725CEB009598F1 /* GiphyMVPUITests.xctest */;
			productType = "com.apple.product-type.bundle.ui-testing";
		};
/* End PBXNativeTarget section */

/* Begin PBXProject section */
		822BEA6A23725CEB009598F1 /* Project object */ = {
			isa = PBXProject;
			attributes = {
				LastSwiftUpdateCheck = 1120;
				LastUpgradeCheck = 1120;
				ORGANIZATIONNAME = "Alexander Serdobintsev";
				TargetAttributes = {
					822BEA7123725CEB009598F1 = {
						CreatedOnToolsVersion = 11.2;
					};
					822BEA8723725CEB009598F1 = {
						CreatedOnToolsVersion = 11.2;
						TestTargetID = 822BEA7123725CEB009598F1;
					};
					822BEA9223725CEB009598F1 = {
						CreatedOnToolsVersion = 11.2;
						TestTargetID = 822BEA7123725CEB009598F1;
					};
				};
			};
			buildConfigurationList = 822BEA6D23725CEB009598F1 /* Build configuration list for PBXProject "GiphyMVP" */;
			compatibilityVersion = "Xcode 9.3";
			developmentRegion = en;
			hasScannedForEncodings = 0;
			knownRegions = (
				en,
				Base,
				ru,
			);
			mainGroup = 822BEA6923725CEB009598F1;
			productRefGroup = 822BEA7323725CEB009598F1 /* Products */;
			projectDirPath = "";
			projectRoot = "";
			targets = (
				822BEA7123725CEB009598F1 /* GiphyMVP */,
				822BEA8723725CEB009598F1 /* GiphyMVPTests */,
				822BEA9223725CEB009598F1 /* GiphyMVPUITests */,
			);
		};
/* End PBXProject section */

/* Begin PBXResourcesBuildPhase section */
		822BEA7023725CEB009598F1 /* Resources */ = {
			isa = PBXResourcesBuildPhase;
			buildActionMask = 2147483647;
			files = (
				822BEA8223725CEB009598F1 /* LaunchScreen.storyboard in Resources */,
				824A7DF6237A3E4400464397 /* GifDetailViewController.storyboard in Resources */,
				827A81762374FBA500BCA47F /* Localizable.strings in Resources */,
				827A815E2373E6E300BCA47F /* FooterRefreshControl.xib in Resources */,
				822BEA7F23725CEB009598F1 /* Assets.xcassets in Resources */,
				822BEAC22372D4BF009598F1 /* GifsListViewController.storyboard in Resources */,
			);
			runOnlyForDeploymentPostprocessing = 0;
		};
		822BEA8623725CEB009598F1 /* Resources */ = {
			isa = PBXResourcesBuildPhase;
			buildActionMask = 2147483647;
			files = (
			);
			runOnlyForDeploymentPostprocessing = 0;
		};
		822BEA9123725CEB009598F1 /* Resources */ = {
			isa = PBXResourcesBuildPhase;
			buildActionMask = 2147483647;
			files = (
			);
			runOnlyForDeploymentPostprocessing = 0;
		};
/* End PBXResourcesBuildPhase section */

/* Begin PBXShellScriptBuildPhase section */
		1E484795ED67FF93EB6F71FD /* [CP] Embed Pods Frameworks */ = {
			isa = PBXShellScriptBuildPhase;
			buildActionMask = 2147483647;
			files = (
			);
			inputFileListPaths = (
				"${PODS_ROOT}/Target Support Files/Pods-GiphyMVP/Pods-GiphyMVP-frameworks-${CONFIGURATION}-input-files.xcfilelist",
			);
			name = "[CP] Embed Pods Frameworks";
			outputFileListPaths = (
				"${PODS_ROOT}/Target Support Files/Pods-GiphyMVP/Pods-GiphyMVP-frameworks-${CONFIGURATION}-output-files.xcfilelist",
			);
			runOnlyForDeploymentPostprocessing = 0;
			shellPath = /bin/sh;
			shellScript = "\"${PODS_ROOT}/Target Support Files/Pods-GiphyMVP/Pods-GiphyMVP-frameworks.sh\"\n";
			showEnvVarsInLog = 0;
		};
		5C3E62D78CC31741978F134D /* [CP] Check Pods Manifest.lock */ = {
			isa = PBXShellScriptBuildPhase;
			buildActionMask = 2147483647;
			files = (
			);
			inputFileListPaths = (
			);
			inputPaths = (
				"${PODS_PODFILE_DIR_PATH}/Podfile.lock",
				"${PODS_ROOT}/Manifest.lock",
			);
			name = "[CP] Check Pods Manifest.lock";
			outputFileListPaths = (
			);
			outputPaths = (
				"$(DERIVED_FILE_DIR)/Pods-GiphyMVP-checkManifestLockResult.txt",
			);
			runOnlyForDeploymentPostprocessing = 0;
			shellPath = /bin/sh;
			shellScript = "diff \"${PODS_PODFILE_DIR_PATH}/Podfile.lock\" \"${PODS_ROOT}/Manifest.lock\" > /dev/null\nif [ $? != 0 ] ; then\n    # print error to STDERR\n    echo \"error: The sandbox is not in sync with the Podfile.lock. Run 'pod install' or update your CocoaPods installation.\" >&2\n    exit 1\nfi\n# This output is used by Xcode 'outputs' to avoid re-running this script phase.\necho \"SUCCESS\" > \"${SCRIPT_OUTPUT_FILE_0}\"\n";
			showEnvVarsInLog = 0;
		};
		822BEAAD23728D2D009598F1 /* Swift Lint */ = {
			isa = PBXShellScriptBuildPhase;
			buildActionMask = 2147483647;
			files = (
			);
			inputFileListPaths = (
			);
			inputPaths = (
			);
			name = "Swift Lint";
			outputFileListPaths = (
			);
			outputPaths = (
			);
			runOnlyForDeploymentPostprocessing = 0;
			shellPath = /bin/sh;
			shellScript = "${SRCROOT}/Pods/SwiftLint/swiftlint --config \"${SRCROOT}/.swiftlint.yml\"\n";
		};
		827A81532373B6DA00BCA47F /* Swift Gen */ = {
			isa = PBXShellScriptBuildPhase;
			buildActionMask = 2147483647;
			files = (
			);
			inputFileListPaths = (
			);
			inputPaths = (
			);
			name = "Swift Gen";
			outputFileListPaths = (
			);
			outputPaths = (
			);
			runOnlyForDeploymentPostprocessing = 0;
			shellPath = /bin/sh;
			shellScript = "${SRCROOT}/Pods/SwiftGen/bin/swiftgen\n";
		};
/* End PBXShellScriptBuildPhase section */

/* Begin PBXSourcesBuildPhase section */
		822BEA6E23725CEB009598F1 /* Sources */ = {
			isa = PBXSourcesBuildPhase;
			buildActionMask = 2147483647;
			files = (
				822BEABC2372B1A7009598F1 /* GiphyGif.swift in Sources */,
				827A816B237420FA00BCA47F /* DataLayer.swift in Sources */,
				827A81642373FCDF00BCA47F /* GifPresenter.swift in Sources */,
				822BEAC42372E2F8009598F1 /* GifView.swift in Sources */,
				824A7DEE237A3D7A00464397 /* GifDetailViewPresenter.swift in Sources */,
				827A81662373FD7800BCA47F /* GifViewProtocol.swift in Sources */,
				827A816D237424FF00BCA47F /* TranslationLayer.swift in Sources */,
				822BEAB32372AAF4009598F1 /* GifsListPresenter.swift in Sources */,
				824A7DF4237A3E3600464397 /* GifDetailViewController.swift in Sources */,
				822BEAB52372AFED009598F1 /* GiphyService.swift in Sources */,
				822BEA7A23725CEB009598F1 /* GifsListViewController.swift in Sources */,
				82C80C5F2380FC2E002C3E71 /* GifListConfigurator.swift in Sources */,
				824A7DF2237A3DFF00464397 /* GifDetailView.swift in Sources */,
				822BEAC62372E737009598F1 /* GifViewCell.swift in Sources */,
				827A815D2373E6E300BCA47F /* FooterRefreshControl.swift in Sources */,
				827A81552373B74300BCA47F /* Strings.swift in Sources */,
				822BEAAF2372AA50009598F1 /* GifsListView.swift in Sources */,
				822BEABE2372B242009598F1 /* GiphyPagination.swift in Sources */,
				824A7DEC237A3D6E00464397 /* GifDetailPresenter.swift in Sources */,
				827A81622373FCD400BCA47F /* GifViewPresenter.swift in Sources */,
				827A817B2378F4E100BCA47F /* ModelLayer.swift in Sources */,
				822BEAB12372AAA4009598F1 /* GifsListViewPresenter.swift in Sources */,
				822BEAB72372B001009598F1 /* Gif.swift in Sources */,
				822BEABA2372B08E009598F1 /* GiphyResponse.swift in Sources */,
				822BEA7623725CEB009598F1 /* AppDelegate.swift in Sources */,
				822BEAC02372B262009598F1 /* GiphyMeta.swift in Sources */,
			);
			runOnlyForDeploymentPostprocessing = 0;
		};
		822BEA8423725CEB009598F1 /* Sources */ = {
			isa = PBXSourcesBuildPhase;
			buildActionMask = 2147483647;
			files = (
				822BEA8D23725CEB009598F1 /* GiphyMVPTests.swift in Sources */,
			);
			runOnlyForDeploymentPostprocessing = 0;
		};
		822BEA8F23725CEB009598F1 /* Sources */ = {
			isa = PBXSourcesBuildPhase;
			buildActionMask = 2147483647;
			files = (
				822BEA9823725CEB009598F1 /* GiphyMVPUITests.swift in Sources */,
			);
			runOnlyForDeploymentPostprocessing = 0;
		};
/* End PBXSourcesBuildPhase section */

/* Begin PBXTargetDependency section */
		822BEA8A23725CEB009598F1 /* PBXTargetDependency */ = {
			isa = PBXTargetDependency;
			target = 822BEA7123725CEB009598F1 /* GiphyMVP */;
			targetProxy = 822BEA8923725CEB009598F1 /* PBXContainerItemProxy */;
		};
		822BEA9523725CEB009598F1 /* PBXTargetDependency */ = {
			isa = PBXTargetDependency;
			target = 822BEA7123725CEB009598F1 /* GiphyMVP */;
			targetProxy = 822BEA9423725CEB009598F1 /* PBXContainerItemProxy */;
		};
/* End PBXTargetDependency section */

/* Begin PBXVariantGroup section */
		822BEA8023725CEB009598F1 /* LaunchScreen.storyboard */ = {
			isa = PBXVariantGroup;
			children = (
				822BEA8123725CEB009598F1 /* Base */,
			);
			name = LaunchScreen.storyboard;
			sourceTree = "<group>";
		};
		827A81782374FBA500BCA47F /* Localizable.strings */ = {
			isa = PBXVariantGroup;
			children = (
				827A81772374FBA500BCA47F /* en */,
				827A81792374FBD600BCA47F /* ru */,
			);
			name = Localizable.strings;
			sourceTree = "<group>";
		};
/* End PBXVariantGroup section */

/* Begin XCBuildConfiguration section */
		822BEA9A23725CEB009598F1 /* Debug */ = {
			isa = XCBuildConfiguration;
			buildSettings = {
				ALWAYS_SEARCH_USER_PATHS = NO;
				CLANG_ANALYZER_LOCALIZABILITY_NONLOCALIZED = YES;
				CLANG_ANALYZER_NONNULL = YES;
				CLANG_ANALYZER_NUMBER_OBJECT_CONVERSION = YES_AGGRESSIVE;
				CLANG_CXX_LANGUAGE_STANDARD = "gnu++14";
				CLANG_CXX_LIBRARY = "libc++";
				CLANG_ENABLE_MODULES = YES;
				CLANG_ENABLE_OBJC_ARC = YES;
				CLANG_ENABLE_OBJC_WEAK = YES;
				CLANG_WARN_BLOCK_CAPTURE_AUTORELEASING = YES;
				CLANG_WARN_BOOL_CONVERSION = YES;
				CLANG_WARN_COMMA = YES;
				CLANG_WARN_CONSTANT_CONVERSION = YES;
				CLANG_WARN_DEPRECATED_OBJC_IMPLEMENTATIONS = YES;
				CLANG_WARN_DIRECT_OBJC_ISA_USAGE = YES_ERROR;
				CLANG_WARN_DOCUMENTATION_COMMENTS = YES;
				CLANG_WARN_EMPTY_BODY = YES;
				CLANG_WARN_ENUM_CONVERSION = YES;
				CLANG_WARN_INFINITE_RECURSION = YES;
				CLANG_WARN_INT_CONVERSION = YES;
				CLANG_WARN_NON_LITERAL_NULL_CONVERSION = YES;
				CLANG_WARN_OBJC_IMPLICIT_RETAIN_SELF = YES;
				CLANG_WARN_OBJC_LITERAL_CONVERSION = YES;
				CLANG_WARN_OBJC_ROOT_CLASS = YES_ERROR;
				CLANG_WARN_RANGE_LOOP_ANALYSIS = YES;
				CLANG_WARN_STRICT_PROTOTYPES = YES;
				CLANG_WARN_SUSPICIOUS_MOVE = YES;
				CLANG_WARN_UNGUARDED_AVAILABILITY = YES_AGGRESSIVE;
				CLANG_WARN_UNREACHABLE_CODE = YES;
				CLANG_WARN__DUPLICATE_METHOD_MATCH = YES;
				COPY_PHASE_STRIP = NO;
				DEBUG_INFORMATION_FORMAT = dwarf;
				ENABLE_STRICT_OBJC_MSGSEND = YES;
				ENABLE_TESTABILITY = YES;
				GCC_C_LANGUAGE_STANDARD = gnu11;
				GCC_DYNAMIC_NO_PIC = NO;
				GCC_NO_COMMON_BLOCKS = YES;
				GCC_OPTIMIZATION_LEVEL = 0;
				GCC_PREPROCESSOR_DEFINITIONS = (
					"DEBUG=1",
					"$(inherited)",
				);
				GCC_WARN_64_TO_32_BIT_CONVERSION = YES;
				GCC_WARN_ABOUT_RETURN_TYPE = YES_ERROR;
				GCC_WARN_UNDECLARED_SELECTOR = YES;
				GCC_WARN_UNINITIALIZED_AUTOS = YES_AGGRESSIVE;
				GCC_WARN_UNUSED_FUNCTION = YES;
				GCC_WARN_UNUSED_VARIABLE = YES;
				IPHONEOS_DEPLOYMENT_TARGET = 13.2;
				MTL_ENABLE_DEBUG_INFO = INCLUDE_SOURCE;
				MTL_FAST_MATH = YES;
				ONLY_ACTIVE_ARCH = YES;
				SDKROOT = iphoneos;
				SWIFT_ACTIVE_COMPILATION_CONDITIONS = DEBUG;
				SWIFT_OPTIMIZATION_LEVEL = "-Onone";
			};
			name = Debug;
		};
		822BEA9B23725CEB009598F1 /* Release */ = {
			isa = XCBuildConfiguration;
			buildSettings = {
				ALWAYS_SEARCH_USER_PATHS = NO;
				CLANG_ANALYZER_LOCALIZABILITY_NONLOCALIZED = YES;
				CLANG_ANALYZER_NONNULL = YES;
				CLANG_ANALYZER_NUMBER_OBJECT_CONVERSION = YES_AGGRESSIVE;
				CLANG_CXX_LANGUAGE_STANDARD = "gnu++14";
				CLANG_CXX_LIBRARY = "libc++";
				CLANG_ENABLE_MODULES = YES;
				CLANG_ENABLE_OBJC_ARC = YES;
				CLANG_ENABLE_OBJC_WEAK = YES;
				CLANG_WARN_BLOCK_CAPTURE_AUTORELEASING = YES;
				CLANG_WARN_BOOL_CONVERSION = YES;
				CLANG_WARN_COMMA = YES;
				CLANG_WARN_CONSTANT_CONVERSION = YES;
				CLANG_WARN_DEPRECATED_OBJC_IMPLEMENTATIONS = YES;
				CLANG_WARN_DIRECT_OBJC_ISA_USAGE = YES_ERROR;
				CLANG_WARN_DOCUMENTATION_COMMENTS = YES;
				CLANG_WARN_EMPTY_BODY = YES;
				CLANG_WARN_ENUM_CONVERSION = YES;
				CLANG_WARN_INFINITE_RECURSION = YES;
				CLANG_WARN_INT_CONVERSION = YES;
				CLANG_WARN_NON_LITERAL_NULL_CONVERSION = YES;
				CLANG_WARN_OBJC_IMPLICIT_RETAIN_SELF = YES;
				CLANG_WARN_OBJC_LITERAL_CONVERSION = YES;
				CLANG_WARN_OBJC_ROOT_CLASS = YES_ERROR;
				CLANG_WARN_RANGE_LOOP_ANALYSIS = YES;
				CLANG_WARN_STRICT_PROTOTYPES = YES;
				CLANG_WARN_SUSPICIOUS_MOVE = YES;
				CLANG_WARN_UNGUARDED_AVAILABILITY = YES_AGGRESSIVE;
				CLANG_WARN_UNREACHABLE_CODE = YES;
				CLANG_WARN__DUPLICATE_METHOD_MATCH = YES;
				COPY_PHASE_STRIP = NO;
				DEBUG_INFORMATION_FORMAT = "dwarf-with-dsym";
				ENABLE_NS_ASSERTIONS = NO;
				ENABLE_STRICT_OBJC_MSGSEND = YES;
				GCC_C_LANGUAGE_STANDARD = gnu11;
				GCC_NO_COMMON_BLOCKS = YES;
				GCC_WARN_64_TO_32_BIT_CONVERSION = YES;
				GCC_WARN_ABOUT_RETURN_TYPE = YES_ERROR;
				GCC_WARN_UNDECLARED_SELECTOR = YES;
				GCC_WARN_UNINITIALIZED_AUTOS = YES_AGGRESSIVE;
				GCC_WARN_UNUSED_FUNCTION = YES;
				GCC_WARN_UNUSED_VARIABLE = YES;
				IPHONEOS_DEPLOYMENT_TARGET = 13.2;
				MTL_ENABLE_DEBUG_INFO = NO;
				MTL_FAST_MATH = YES;
				SDKROOT = iphoneos;
				SWIFT_COMPILATION_MODE = wholemodule;
				SWIFT_OPTIMIZATION_LEVEL = "-O";
				VALIDATE_PRODUCT = YES;
			};
			name = Release;
		};
		822BEA9D23725CEB009598F1 /* Debug */ = {
			isa = XCBuildConfiguration;
			baseConfigurationReference = A1BA20CA68E5A0D75514C1E2 /* Pods-GiphyMVP.debug.xcconfig */;
			buildSettings = {
				ASSETCATALOG_COMPILER_APPICON_NAME = AppIcon;
				CODE_SIGN_STYLE = Automatic;
				DEVELOPMENT_TEAM = 879A42R5D3;
				INFOPLIST_FILE = GiphyMVP/Info.plist;
				IPHONEOS_DEPLOYMENT_TARGET = 9.0;
				LD_RUNPATH_SEARCH_PATHS = (
					"$(inherited)",
					"@executable_path/Frameworks",
				);
				PRODUCT_BUNDLE_IDENTIFIER = aserd.GiphyMVP;
				PRODUCT_NAME = "$(TARGET_NAME)";
				SWIFT_VERSION = 5.0;
				TARGETED_DEVICE_FAMILY = 1;
			};
			name = Debug;
		};
		822BEA9E23725CEB009598F1 /* Release */ = {
			isa = XCBuildConfiguration;
			baseConfigurationReference = 7EFDF60A1B1AEA649199E9CA /* Pods-GiphyMVP.release.xcconfig */;
			buildSettings = {
				ASSETCATALOG_COMPILER_APPICON_NAME = AppIcon;
				CODE_SIGN_STYLE = Automatic;
				DEVELOPMENT_TEAM = 879A42R5D3;
				INFOPLIST_FILE = GiphyMVP/Info.plist;
				IPHONEOS_DEPLOYMENT_TARGET = 9.0;
				LD_RUNPATH_SEARCH_PATHS = (
					"$(inherited)",
					"@executable_path/Frameworks",
				);
				PRODUCT_BUNDLE_IDENTIFIER = aserd.GiphyMVP;
				PRODUCT_NAME = "$(TARGET_NAME)";
				SWIFT_VERSION = 5.0;
				TARGETED_DEVICE_FAMILY = 1;
			};
			name = Release;
		};
		822BEAA023725CEB009598F1 /* Debug */ = {
			isa = XCBuildConfiguration;
			buildSettings = {
				ALWAYS_EMBED_SWIFT_STANDARD_LIBRARIES = YES;
				BUNDLE_LOADER = "$(TEST_HOST)";
				CODE_SIGN_STYLE = Automatic;
				DEVELOPMENT_TEAM = 879A42R5D3;
				INFOPLIST_FILE = GiphyMVPTests/Info.plist;
				IPHONEOS_DEPLOYMENT_TARGET = 13.2;
				LD_RUNPATH_SEARCH_PATHS = (
					"$(inherited)",
					"@executable_path/Frameworks",
					"@loader_path/Frameworks",
				);
				PRODUCT_BUNDLE_IDENTIFIER = aserd.GiphyMVPTests;
				PRODUCT_NAME = "$(TARGET_NAME)";
				SWIFT_VERSION = 5.0;
				TARGETED_DEVICE_FAMILY = "1,2";
				TEST_HOST = "$(BUILT_PRODUCTS_DIR)/GiphyMVP.app/GiphyMVP";
			};
			name = Debug;
		};
		822BEAA123725CEB009598F1 /* Release */ = {
			isa = XCBuildConfiguration;
			buildSettings = {
				ALWAYS_EMBED_SWIFT_STANDARD_LIBRARIES = YES;
				BUNDLE_LOADER = "$(TEST_HOST)";
				CODE_SIGN_STYLE = Automatic;
				DEVELOPMENT_TEAM = 879A42R5D3;
				INFOPLIST_FILE = GiphyMVPTests/Info.plist;
				IPHONEOS_DEPLOYMENT_TARGET = 13.2;
				LD_RUNPATH_SEARCH_PATHS = (
					"$(inherited)",
					"@executable_path/Frameworks",
					"@loader_path/Frameworks",
				);
				PRODUCT_BUNDLE_IDENTIFIER = aserd.GiphyMVPTests;
				PRODUCT_NAME = "$(TARGET_NAME)";
				SWIFT_VERSION = 5.0;
				TARGETED_DEVICE_FAMILY = "1,2";
				TEST_HOST = "$(BUILT_PRODUCTS_DIR)/GiphyMVP.app/GiphyMVP";
			};
			name = Release;
		};
		822BEAA323725CEB009598F1 /* Debug */ = {
			isa = XCBuildConfiguration;
			buildSettings = {
				ALWAYS_EMBED_SWIFT_STANDARD_LIBRARIES = YES;
				CODE_SIGN_STYLE = Automatic;
				DEVELOPMENT_TEAM = 879A42R5D3;
				INFOPLIST_FILE = GiphyMVPUITests/Info.plist;
				LD_RUNPATH_SEARCH_PATHS = (
					"$(inherited)",
					"@executable_path/Frameworks",
					"@loader_path/Frameworks",
				);
				PRODUCT_BUNDLE_IDENTIFIER = aserd.GiphyMVPUITests;
				PRODUCT_NAME = "$(TARGET_NAME)";
				SWIFT_VERSION = 5.0;
				TARGETED_DEVICE_FAMILY = "1,2";
				TEST_TARGET_NAME = GiphyMVP;
			};
			name = Debug;
		};
		822BEAA423725CEB009598F1 /* Release */ = {
			isa = XCBuildConfiguration;
			buildSettings = {
				ALWAYS_EMBED_SWIFT_STANDARD_LIBRARIES = YES;
				CODE_SIGN_STYLE = Automatic;
				DEVELOPMENT_TEAM = 879A42R5D3;
				INFOPLIST_FILE = GiphyMVPUITests/Info.plist;
				LD_RUNPATH_SEARCH_PATHS = (
					"$(inherited)",
					"@executable_path/Frameworks",
					"@loader_path/Frameworks",
				);
				PRODUCT_BUNDLE_IDENTIFIER = aserd.GiphyMVPUITests;
				PRODUCT_NAME = "$(TARGET_NAME)";
				SWIFT_VERSION = 5.0;
				TARGETED_DEVICE_FAMILY = "1,2";
				TEST_TARGET_NAME = GiphyMVP;
			};
			name = Release;
		};
/* End XCBuildConfiguration section */

/* Begin XCConfigurationList section */
		822BEA6D23725CEB009598F1 /* Build configuration list for PBXProject "GiphyMVP" */ = {
			isa = XCConfigurationList;
			buildConfigurations = (
				822BEA9A23725CEB009598F1 /* Debug */,
				822BEA9B23725CEB009598F1 /* Release */,
			);
			defaultConfigurationIsVisible = 0;
			defaultConfigurationName = Release;
		};
		822BEA9C23725CEB009598F1 /* Build configuration list for PBXNativeTarget "GiphyMVP" */ = {
			isa = XCConfigurationList;
			buildConfigurations = (
				822BEA9D23725CEB009598F1 /* Debug */,
				822BEA9E23725CEB009598F1 /* Release */,
			);
			defaultConfigurationIsVisible = 0;
			defaultConfigurationName = Release;
		};
		822BEA9F23725CEB009598F1 /* Build configuration list for PBXNativeTarget "GiphyMVPTests" */ = {
			isa = XCConfigurationList;
			buildConfigurations = (
				822BEAA023725CEB009598F1 /* Debug */,
				822BEAA123725CEB009598F1 /* Release */,
			);
			defaultConfigurationIsVisible = 0;
			defaultConfigurationName = Release;
		};
		822BEAA223725CEB009598F1 /* Build configuration list for PBXNativeTarget "GiphyMVPUITests" */ = {
			isa = XCConfigurationList;
			buildConfigurations = (
				822BEAA323725CEB009598F1 /* Debug */,
				822BEAA423725CEB009598F1 /* Release */,
			);
			defaultConfigurationIsVisible = 0;
			defaultConfigurationName = Release;
		};
/* End XCConfigurationList section */
	};
	rootObject = 822BEA6A23725CEB009598F1 /* Project object */;
}
